
Microsoft Visual Studio Solution File, Format Version 12.00
# Visual Studio Version 17
VisualStudioVersion = 17.0.31903.59
MinimumVisualStudioVersion = 10.0.40219.1
Project("{9A19103F-16F7-4668-BE54-9A1E7A4F7556}") = "Domain", "src\Domain\Domain.csproj", "{C7E89A3E-A631-4760-8D61-BD1EAB1C4E69}"
EndProject
Project("{9A19103F-16F7-4668-BE54-9A1E7A4F7556}") = "Application", "src\Application\Application.csproj", "{34C0FACD-F3D9-400C-8945-554DD6B0819A}"
EndProject
Project("{2150E333-8FDC-42A3-9474-1A3956D46DE8}") = "src", "src", "{6ED356A7-8B47-4613-AD01-C85CF28491BD}"
EndProject
Project("{2150E333-8FDC-42A3-9474-1A3956D46DE8}") = "Solution Items", "Solution Items", "{E2DA20AA-28D1-455C-BF50-C49A8F831633}"
	ProjectSection(SolutionItems) = preProject
		.editorconfig = .editorconfig
		.gitignore = .gitignore
		Directory.Build.props = Directory.Build.props
		Directory.Packages.props = Directory.Packages.props
		global.json = global.json
		README.en.md = README.en.md
		README.es.md = README.es.md
		README.md = README.md
	EndProjectSection
EndProject
Project("{9A19103F-16F7-4668-BE54-9A1E7A4F7556}") = "Web", "src\Web\Web.csproj", "{4E4EE20C-F06A-4A1B-851F-C5577796941C}"
EndProject
Project("{2150E333-8FDC-42A3-9474-1A3956D46DE8}") = "tests", "tests", "{62A569A6-6162-4808-9B5C-6EC9079DE970}"
EndProject
Project("{9A19103F-16F7-4668-BE54-9A1E7A4F7556}") = "Application.UnitTests", "tests\Application.UnitTests\Application.UnitTests.csproj", "{E869DC2D-4698-47FD-AC85-25C6A941351B}"
EndProject
Project("{2150E333-8FDC-42A3-9474-1A3956D46DE8}") = "Infrastructure", "Infrastructure", "{CACB3B45-BC22-4D82-BFAC-C84F61B65815}"
EndProject
Project("{9A19103F-16F7-4668-BE54-9A1E7A4F7556}") = "ManagerDB", "src\Infrastructure\ManagerDB\ManagerDB.csproj", "{43636C02-851E-453E-8F98-4CDFBFB98813}"
EndProject
Project("{9A19103F-16F7-4668-BE54-9A1E7A4F7556}") = "SecurityApi", "src\Infrastructure\SecurityApi\SecurityApi.csproj", "{55A28288-176B-446F-915F-A80BAA1B902D}"
EndProject
Global
	GlobalSection(SolutionConfigurationPlatforms) = preSolution
		Debug|Any CPU = Debug|Any CPU
		Release|Any CPU = Release|Any CPU
	EndGlobalSection
	GlobalSection(ProjectConfigurationPlatforms) = postSolution
		{C7E89A3E-A631-4760-8D61-BD1EAB1C4E69}.Debug|Any CPU.ActiveCfg = Debug|Any CPU
		{C7E89A3E-A631-4760-8D61-BD1EAB1C4E69}.Debug|Any CPU.Build.0 = Debug|Any CPU
		{C7E89A3E-A631-4760-8D61-BD1EAB1C4E69}.Release|Any CPU.ActiveCfg = Release|Any CPU
		{C7E89A3E-A631-4760-8D61-BD1EAB1C4E69}.Release|Any CPU.Build.0 = Release|Any CPU
		{34C0FACD-F3D9-400C-8945-554DD6B0819A}.Debug|Any CPU.ActiveCfg = Debug|Any CPU
		{34C0FACD-F3D9-400C-8945-554DD6B0819A}.Debug|Any CPU.Build.0 = Debug|Any CPU
		{34C0FACD-F3D9-400C-8945-554DD6B0819A}.Release|Any CPU.ActiveCfg = Release|Any CPU
		{34C0FACD-F3D9-400C-8945-554DD6B0819A}.Release|Any CPU.Build.0 = Release|Any CPU
		{4E4EE20C-F06A-4A1B-851F-C5577796941C}.Debug|Any CPU.ActiveCfg = Debug|Any CPU
		{4E4EE20C-F06A-4A1B-851F-C5577796941C}.Debug|Any CPU.Build.0 = Debug|Any CPU
		{4E4EE20C-F06A-4A1B-851F-C5577796941C}.Release|Any CPU.ActiveCfg = Release|Any CPU
		{4E4EE20C-F06A-4A1B-851F-C5577796941C}.Release|Any CPU.Build.0 = Release|Any CPU
		{E869DC2D-4698-47FD-AC85-25C6A941351B}.Debug|Any CPU.ActiveCfg = Debug|Any CPU
		{E869DC2D-4698-47FD-AC85-25C6A941351B}.Debug|Any CPU.Build.0 = Debug|Any CPU
		{E869DC2D-4698-47FD-AC85-25C6A941351B}.Release|Any CPU.ActiveCfg = Release|Any CPU
		{E869DC2D-4698-47FD-AC85-25C6A941351B}.Release|Any CPU.Build.0 = Release|Any CPU
		{43636C02-851E-453E-8F98-4CDFBFB98813}.Debug|Any CPU.ActiveCfg = Debug|Any CPU
		{43636C02-851E-453E-8F98-4CDFBFB98813}.Debug|Any CPU.Build.0 = Debug|Any CPU
		{43636C02-851E-453E-8F98-4CDFBFB98813}.Release|Any CPU.ActiveCfg = Release|Any CPU
		{43636C02-851E-453E-8F98-4CDFBFB98813}.Release|Any CPU.Build.0 = Release|Any CPU
		{55A28288-176B-446F-915F-A80BAA1B902D}.Debug|Any CPU.ActiveCfg = Debug|Any CPU
		{55A28288-176B-446F-915F-A80BAA1B902D}.Debug|Any CPU.Build.0 = Debug|Any CPU
		{55A28288-176B-446F-915F-A80BAA1B902D}.Release|Any CPU.ActiveCfg = Release|Any CPU
		{55A28288-176B-446F-915F-A80BAA1B902D}.Release|Any CPU.Build.0 = Release|Any CPU
	EndGlobalSection
	GlobalSection(SolutionProperties) = preSolution
		HideSolutionNode = FALSE
	EndGlobalSection
	GlobalSection(NestedProjects) = preSolution
		{C7E89A3E-A631-4760-8D61-BD1EAB1C4E69} = {6ED356A7-8B47-4613-AD01-C85CF28491BD}
		{34C0FACD-F3D9-400C-8945-554DD6B0819A} = {6ED356A7-8B47-4613-AD01-C85CF28491BD}
		{4E4EE20C-F06A-4A1B-851F-C5577796941C} = {6ED356A7-8B47-4613-AD01-C85CF28491BD}
		{E869DC2D-4698-47FD-AC85-25C6A941351B} = {62A569A6-6162-4808-9B5C-6EC9079DE970}
		{CACB3B45-BC22-4D82-BFAC-C84F61B65815} = {6ED356A7-8B47-4613-AD01-C85CF28491BD}
		{43636C02-851E-453E-8F98-4CDFBFB98813} = {CACB3B45-BC22-4D82-BFAC-C84F61B65815}
		{55A28288-176B-446F-915F-A80BAA1B902D} = {CACB3B45-BC22-4D82-BFAC-C84F61B65815}
	EndGlobalSection
	GlobalSection(ExtensibilityGlobals) = postSolution
		SolutionGuid = {3CB609D9-5D54-4C11-A371-DAAC8B74E430}
	EndGlobalSection
EndGlobal
